
Microsoft Visual Studio Solution File, Format Version 12.00
# Visual Studio Version 17
VisualStudioVersion = 17.1.32421.90
MinimumVisualStudioVersion = 10.0.40219.1
Project("{FAE04EC0-301F-11D3-BF4B-00C04F79EFBC}") = "Opgave 5", "Opgave 5\Opgave 5.csproj", "{AA77B9E0-80C6-45A8-81E6-B119B33D67D2}"
EndProject
Project("{FAE04EC0-301F-11D3-BF4B-00C04F79EFBC}") = "Opgave 4", "Opgave 4\Opgave 4.csproj", "{14619310-C31D-4D20-B27E-873240CF81F8}"
EndProject
Global
	GlobalSection(SolutionConfigurationPlatforms) = preSolution
		Debug|Any CPU = Debug|Any CPU
		Release|Any CPU = Release|Any CPU
	EndGlobalSection
	GlobalSection(ProjectConfigurationPlatforms) = postSolution
		{AA77B9E0-80C6-45A8-81E6-B119B33D67D2}.Debug|Any CPU.ActiveCfg = Debug|Any CPU
		{AA77B9E0-80C6-45A8-81E6-B119B33D67D2}.Debug|Any CPU.Build.0 = Debug|Any CPU
		{AA77B9E0-80C6-45A8-81E6-B119B33D67D2}.Release|Any CPU.ActiveCfg = Release|Any CPU
		{AA77B9E0-80C6-45A8-81E6-B119B33D67D2}.Release|Any CPU.Build.0 = Release|Any CPU
		{14619310-C31D-4D20-B27E-873240CF81F8}.Debug|Any CPU.ActiveCfg = Debug|Any CPU
		{14619310-C31D-4D20-B27E-873240CF81F8}.Debug|Any CPU.Build.0 = Debug|Any CPU
		{14619310-C31D-4D20-B27E-873240CF81F8}.Release|Any CPU.ActiveCfg = Release|Any CPU
		{14619310-C31D-4D20-B27E-873240CF81F8}.Release|Any CPU.Build.0 = Release|Any CPU
	EndGlobalSection
	GlobalSection(SolutionProperties) = preSolution
		HideSolutionNode = FALSE
	EndGlobalSection
	GlobalSection(ExtensibilityGlobals) = postSolution
		SolutionGuid = {52F9EF74-E8B5-4D89-B324-D1E5E1B18EDC}
	EndGlobalSection
EndGlobal
